
Microsoft Visual Studio Solution File, Format Version 12.00
Project("{FAE04EC0-301F-11D3-BF4B-00C04F79EFBC}") = "EpmSampleManagedPlugin", "EpmSampleManagedPlugin\EpmSampleManagedPlugin.csproj", "{7A7AA9C8-414B-4FE6-81DE-B00B985478DC}"
EndProject
Global
	GlobalSection(SolutionConfigurationPlatforms) = preSolution
		Debug|x64 = Debug|x64
		Release|x64 = Release|x64
	EndGlobalSection
	GlobalSection(ProjectConfigurationPlatforms) = postSolution
		{7A7AA9C8-414B-4FE6-81DE-B00B985478DC}.Debug|x64.ActiveCfg = Debug|x64
		{7A7AA9C8-414B-4FE6-81DE-B00B985478DC}.Debug|x64.Build.0 = Debug|x64
		{7A7AA9C8-414B-4FE6-81DE-B00B985478DC}.Release|x64.ActiveCfg = Release|x64
		{7A7AA9C8-414B-4FE6-81DE-B00B985478DC}.Release|x64.Build.0 = Release|x64
	EndGlobalSection
EndGlobal
